// !$*UTF8*$!
{
	archiveVersion = 1;
	classes = {
	};
	objectVersion = 56;
	objects = {

/* Begin PBXBuildFile section */
		634F842B2B13E22000C7FC04 /* QrCodeApp.swift in Sources */ = {isa = PBXBuildFile; fileRef = 634F842A2B13E22000C7FC04 /* QrCodeApp.swift */; };
		634F842D2B13E22000C7FC04 /* ContentView.swift in Sources */ = {isa = PBXBuildFile; fileRef = 634F842C2B13E22000C7FC04 /* ContentView.swift */; };
		634F842F2B13E22100C7FC04 /* Assets.xcassets in Resources */ = {isa = PBXBuildFile; fileRef = 634F842E2B13E22100C7FC04 /* Assets.xcassets */; };
		634F84322B13E22100C7FC04 /* Preview Assets.xcassets in Resources */ = {isa = PBXBuildFile; fileRef = 634F84312B13E22100C7FC04 /* Preview Assets.xcassets */; };
		634F843C2B13E22100C7FC04 /* QrCodeAppTests.swift in Sources */ = {isa = PBXBuildFile; fileRef = 634F843B2B13E22100C7FC04 /* QrCodeAppTests.swift */; };
		634F84462B13E22100C7FC04 /* QrCodeAppUITests.swift in Sources */ = {isa = PBXBuildFile; fileRef = 634F84452B13E22100C7FC04 /* QrCodeAppUITests.swift */; };
		634F84482B13E22100C7FC04 /* QrCodeAppUITestsLaunchTests.swift in Sources */ = {isa = PBXBuildFile; fileRef = 634F84472B13E22100C7FC04 /* QrCodeAppUITestsLaunchTests.swift */; };
/* End PBXBuildFile section */

/* Begin PBXContainerItemProxy section */
		634F84382B13E22100C7FC04 /* PBXContainerItemProxy */ = {
			isa = PBXContainerItemProxy;
			containerPortal = 634F841F2B13E22000C7FC04 /* Project object */;
			proxyType = 1;
			remoteGlobalIDString = 634F84262B13E22000C7FC04;
			remoteInfo = iosApp;
		};
		634F84422B13E22100C7FC04 /* PBXContainerItemProxy */ = {
			isa = PBXContainerItemProxy;
			containerPortal = 634F841F2B13E22000C7FC04 /* Project object */;
			proxyType = 1;
			remoteGlobalIDString = 634F84262B13E22000C7FC04;
			remoteInfo = iosApp;
		};
/* End PBXContainerItemProxy section */

/* Begin PBXFileReference section */
		634F84272B13E22000C7FC04 /* iosApp.app */ = {isa = PBXFileReference; explicitFileType = wrapper.application; includeInIndex = 0; path = iosApp.app; sourceTree = BUILT_PRODUCTS_DIR; };
		634F842A2B13E22000C7FC04 /* QrCodeApp.swift */ = {isa = PBXFileReference; lastKnownFileType = sourcecode.swift; path = QrCodeApp.swift; sourceTree = "<group>"; };
		634F842C2B13E22000C7FC04 /* ContentView.swift */ = {isa = PBXFileReference; lastKnownFileType = sourcecode.swift; path = ContentView.swift; sourceTree = "<group>"; };
		634F842E2B13E22100C7FC04 /* Assets.xcassets */ = {isa = PBXFileReference; lastKnownFileType = folder.assetcatalog; path = Assets.xcassets; sourceTree = "<group>"; };
		634F84312B13E22100C7FC04 /* Preview Assets.xcassets */ = {isa = PBXFileReference; lastKnownFileType = folder.assetcatalog; path = "Preview Assets.xcassets"; sourceTree = "<group>"; };
		634F84372B13E22100C7FC04 /* iosAppTests.xctest */ = {isa = PBXFileReference; explicitFileType = wrapper.cfbundle; includeInIndex = 0; path = iosAppTests.xctest; sourceTree = BUILT_PRODUCTS_DIR; };
		634F843B2B13E22100C7FC04 /* QrCodeAppTests.swift */ = {isa = PBXFileReference; lastKnownFileType = sourcecode.swift; path = QrCodeAppTests.swift; sourceTree = "<group>"; };
		634F84412B13E22100C7FC04 /* iosAppUITests.xctest */ = {isa = PBXFileReference; explicitFileType = wrapper.cfbundle; includeInIndex = 0; path = iosAppUITests.xctest; sourceTree = BUILT_PRODUCTS_DIR; };
		634F84452B13E22100C7FC04 /* QrCodeAppUITests.swift */ = {isa = PBXFileReference; lastKnownFileType = sourcecode.swift; path = QrCodeAppUITests.swift; sourceTree = "<group>"; };
		634F84472B13E22100C7FC04 /* QrCodeAppUITestsLaunchTests.swift */ = {isa = PBXFileReference; lastKnownFileType = sourcecode.swift; path = QrCodeAppUITestsLaunchTests.swift; sourceTree = "<group>"; };
/* End PBXFileReference section */

/* Begin PBXFrameworksBuildPhase section */
		634F84242B13E22000C7FC04 /* Frameworks */ = {
			isa = PBXFrameworksBuildPhase;
			buildActionMask = 2147483647;
			files = (
			);
			runOnlyForDeploymentPostprocessing = 0;
		};
		634F84342B13E22100C7FC04 /* Frameworks */ = {
			isa = PBXFrameworksBuildPhase;
			buildActionMask = 2147483647;
			files = (
			);
			runOnlyForDeploymentPostprocessing = 0;
		};
		634F843E2B13E22100C7FC04 /* Frameworks */ = {
			isa = PBXFrameworksBuildPhase;
			buildActionMask = 2147483647;
			files = (
			);
			runOnlyForDeploymentPostprocessing = 0;
		};
/* End PBXFrameworksBuildPhase section */

/* Begin PBXGroup section */
		634F841E2B13E22000C7FC04 = {
			isa = PBXGroup;
			children = (
				634F84292B13E22000C7FC04 /* QrCodeApp */,
				634F843A2B13E22100C7FC04 /* QrCodeAppTests */,
				634F84442B13E22100C7FC04 /* QrCodeAppUITests */,
				634F84282B13E22000C7FC04 /* Products */,
			);
			sourceTree = "<group>";
		};
		634F84282B13E22000C7FC04 /* Products */ = {
			isa = PBXGroup;
			children = (
				634F84272B13E22000C7FC04 /* iosApp.app */,
				634F84372B13E22100C7FC04 /* iosAppTests.xctest */,
				634F84412B13E22100C7FC04 /* iosAppUITests.xctest */,
			);
			name = Products;
			sourceTree = "<group>";
		};
		634F84292B13E22000C7FC04 /* QrCodeApp */ = {
			isa = PBXGroup;
			children = (
				634F842A2B13E22000C7FC04 /* QrCodeApp.swift */,
				634F842C2B13E22000C7FC04 /* ContentView.swift */,
				634F842E2B13E22100C7FC04 /* Assets.xcassets */,
				634F84302B13E22100C7FC04 /* Preview Content */,
			);
			path = QrCodeApp;
			sourceTree = "<group>";
		};
		634F84302B13E22100C7FC04 /* Preview Content */ = {
			isa = PBXGroup;
			children = (
				634F84312B13E22100C7FC04 /* Preview Assets.xcassets */,
			);
			path = "Preview Content";
			sourceTree = "<group>";
		};
		634F843A2B13E22100C7FC04 /* QrCodeAppTests */ = {
			isa = PBXGroup;
			children = (
				634F843B2B13E22100C7FC04 /* QrCodeAppTests.swift */,
			);
			path = QrCodeAppTests;
			sourceTree = "<group>";
		};
		634F84442B13E22100C7FC04 /* QrCodeAppUITests */ = {
			isa = PBXGroup;
			children = (
				634F84452B13E22100C7FC04 /* QrCodeAppUITests.swift */,
				634F84472B13E22100C7FC04 /* QrCodeAppUITestsLaunchTests.swift */,
			);
			path = QrCodeAppUITests;
			sourceTree = "<group>";
		};
/* End PBXGroup section */

/* Begin PBXNativeTarget section */
		634F84262B13E22000C7FC04 /* iosApp */ = {
			isa = PBXNativeTarget;
			buildConfigurationList = 634F844B2B13E22100C7FC04 /* Build configuration list for PBXNativeTarget "iosApp" */;
			buildPhases = (
				634F84542B13F37A00C7FC04 /* ShellScript */,
				634F84232B13E22000C7FC04 /* Sources */,
				634F84242B13E22000C7FC04 /* Frameworks */,
				634F84252B13E22000C7FC04 /* Resources */,
			);
			buildRules = (
			);
			dependencies = (
			);
			name = iosApp;
			productName = iosApp;
			productReference = 634F84272B13E22000C7FC04 /* iosApp.app */;
			productType = "com.apple.product-type.application";
		};
		634F84362B13E22100C7FC04 /* iosAppTests */ = {
			isa = PBXNativeTarget;
			buildConfigurationList = 634F844E2B13E22100C7FC04 /* Build configuration list for PBXNativeTarget "iosAppTests" */;
			buildPhases = (
				634F84332B13E22100C7FC04 /* Sources */,
				634F84342B13E22100C7FC04 /* Frameworks */,
				634F84352B13E22100C7FC04 /* Resources */,
			);
			buildRules = (
			);
			dependencies = (
				634F84392B13E22100C7FC04 /* PBXTargetDependency */,
			);
			name = iosAppTests;
			productName = iosAppTests;
			productReference = 634F84372B13E22100C7FC04 /* iosAppTests.xctest */;
			productType = "com.apple.product-type.bundle.unit-test";
		};
		634F84402B13E22100C7FC04 /* iosAppUITests */ = {
			isa = PBXNativeTarget;
			buildConfigurationList = 634F84512B13E22100C7FC04 /* Build configuration list for PBXNativeTarget "iosAppUITests" */;
			buildPhases = (
				634F843D2B13E22100C7FC04 /* Sources */,
				634F843E2B13E22100C7FC04 /* Frameworks */,
				634F843F2B13E22100C7FC04 /* Resources */,
			);
			buildRules = (
			);
			dependencies = (
				634F84432B13E22100C7FC04 /* PBXTargetDependency */,
			);
			name = iosAppUITests;
			productName = iosAppUITests;
			productReference = 634F84412B13E22100C7FC04 /* iosAppUITests.xctest */;
			productType = "com.apple.product-type.bundle.ui-testing";
		};
/* End PBXNativeTarget section */

/* Begin PBXProject section */
		634F841F2B13E22000C7FC04 /* Project object */ = {
			isa = PBXProject;
			attributes = {
				BuildIndependentTargetsInParallel = 1;
				LastSwiftUpdateCheck = 1510;
				LastUpgradeCheck = 1510;
				TargetAttributes = {
					634F84262B13E22000C7FC04 = {
						CreatedOnToolsVersion = 15.1;
					};
					634F84362B13E22100C7FC04 = {
						CreatedOnToolsVersion = 15.1;
						TestTargetID = 634F84262B13E22000C7FC04;
					};
					634F84402B13E22100C7FC04 = {
						CreatedOnToolsVersion = 15.1;
						TestTargetID = 634F84262B13E22000C7FC04;
					};
				};
			};
			buildConfigurationList = 634F84222B13E22000C7FC04 /* Build configuration list for PBXProject "iosApp" */;
			compatibilityVersion = "Xcode 14.0";
			developmentRegion = en;
			hasScannedForEncodings = 0;
			knownRegions = (
				en,
				Base,
			);
			mainGroup = 634F841E2B13E22000C7FC04;
			productRefGroup = 634F84282B13E22000C7FC04 /* Products */;
			projectDirPath = "";
			projectRoot = "";
			targets = (
				634F84262B13E22000C7FC04 /* iosApp */,
				634F84362B13E22100C7FC04 /* iosAppTests */,
				634F84402B13E22100C7FC04 /* iosAppUITests */,
			);
		};
/* End PBXProject section */

/* Begin PBXResourcesBuildPhase section */
		634F84252B13E22000C7FC04 /* Resources */ = {
			isa = PBXResourcesBuildPhase;
			buildActionMask = 2147483647;
			files = (
				634F84322B13E22100C7FC04 /* Preview Assets.xcassets in Resources */,
				634F842F2B13E22100C7FC04 /* Assets.xcassets in Resources */,
			);
			runOnlyForDeploymentPostprocessing = 0;
		};
		634F84352B13E22100C7FC04 /* Resources */ = {
			isa = PBXResourcesBuildPhase;
			buildActionMask = 2147483647;
			files = (
			);
			runOnlyForDeploymentPostprocessing = 0;
		};
		634F843F2B13E22100C7FC04 /* Resources */ = {
			isa = PBXResourcesBuildPhase;
			buildActionMask = 2147483647;
			files = (
			);
			runOnlyForDeploymentPostprocessing = 0;
		};
/* End PBXResourcesBuildPhase section */

/* Begin PBXShellScriptBuildPhase section */
		634F84542B13F37A00C7FC04 /* ShellScript */ = {
			isa = PBXShellScriptBuildPhase;
			buildActionMask = 12;
			files = (
			);
			inputFileListPaths = (
			);
			inputPaths = (
			);
			outputFileListPaths = (
			);
			outputPaths = (
			);
			runOnlyForDeploymentPostprocessing = 0;
			shellPath = /bin/sh;
			shellScript = "cd \"$SRCROOT/..\"\n./gradlew :embedAndSignAppleFrameworkForXcode\n";
		};
/* End PBXShellScriptBuildPhase section */

/* Begin PBXSourcesBuildPhase section */
		634F84232B13E22000C7FC04 /* Sources */ = {
			isa = PBXSourcesBuildPhase;
			buildActionMask = 2147483647;
			files = (
				634F842D2B13E22000C7FC04 /* ContentView.swift in Sources */,
				634F842B2B13E22000C7FC04 /* QrCodeApp.swift in Sources */,
			);
			runOnlyForDeploymentPostprocessing = 0;
		};
		634F84332B13E22100C7FC04 /* Sources */ = {
			isa = PBXSourcesBuildPhase;
			buildActionMask = 2147483647;
			files = (
				634F843C2B13E22100C7FC04 /* QrCodeAppTests.swift in Sources */,
			);
			runOnlyForDeploymentPostprocessing = 0;
		};
		634F843D2B13E22100C7FC04 /* Sources */ = {
			isa = PBXSourcesBuildPhase;
			buildActionMask = 2147483647;
			files = (
				634F84482B13E22100C7FC04 /* QrCodeAppUITestsLaunchTests.swift in Sources */,
				634F84462B13E22100C7FC04 /* QrCodeAppUITests.swift in Sources */,
			);
			runOnlyForDeploymentPostprocessing = 0;
		};
/* End PBXSourcesBuildPhase section */

/* Begin PBXTargetDependency section */
		634F84392B13E22100C7FC04 /* PBXTargetDependency */ = {
			isa = PBXTargetDependency;
			target = 634F84262B13E22000C7FC04 /* iosApp */;
			targetProxy = 634F84382B13E22100C7FC04 /* PBXContainerItemProxy */;
		};
		634F84432B13E22100C7FC04 /* PBXTargetDependency */ = {
			isa = PBXTargetDependency;
			target = 634F84262B13E22000C7FC04 /* iosApp */;
			targetProxy = 634F84422B13E22100C7FC04 /* PBXContainerItemProxy */;
		};
/* End PBXTargetDependency section */

/* Begin XCBuildConfiguration section */
		634F84492B13E22100C7FC04 /* Debug */ = {
			isa = XCBuildConfiguration;
			buildSettings = {
				ALWAYS_SEARCH_USER_PATHS = NO;
				ASSETCATALOG_COMPILER_GENERATE_SWIFT_ASSET_SYMBOL_EXTENSIONS = YES;
				CLANG_ANALYZER_NONNULL = YES;
				CLANG_ANALYZER_NUMBER_OBJECT_CONVERSION = YES_AGGRESSIVE;
				CLANG_CXX_LANGUAGE_STANDARD = "gnu++20";
				CLANG_ENABLE_MODULES = YES;
				CLANG_ENABLE_OBJC_ARC = YES;
				CLANG_ENABLE_OBJC_WEAK = YES;
				CLANG_WARN_BLOCK_CAPTURE_AUTORELEASING = YES;
				CLANG_WARN_BOOL_CONVERSION = YES;
				CLANG_WARN_COMMA = YES;
				CLANG_WARN_CONSTANT_CONVERSION = YES;
				CLANG_WARN_DEPRECATED_OBJC_IMPLEMENTATIONS = YES;
				CLANG_WARN_DIRECT_OBJC_ISA_USAGE = YES_ERROR;
				CLANG_WARN_DOCUMENTATION_COMMENTS = YES;
				CLANG_WARN_EMPTY_BODY = YES;
				CLANG_WARN_ENUM_CONVERSION = YES;
				CLANG_WARN_INFINITE_RECURSION = YES;
				CLANG_WARN_INT_CONVERSION = YES;
				CLANG_WARN_NON_LITERAL_NULL_CONVERSION = YES;
				CLANG_WARN_OBJC_IMPLICIT_RETAIN_SELF = YES;
				CLANG_WARN_OBJC_LITERAL_CONVERSION = YES;
				CLANG_WARN_OBJC_ROOT_CLASS = YES_ERROR;
				CLANG_WARN_QUOTED_INCLUDE_IN_FRAMEWORK_HEADER = YES;
				CLANG_WARN_RANGE_LOOP_ANALYSIS = YES;
				CLANG_WARN_STRICT_PROTOTYPES = YES;
				CLANG_WARN_SUSPICIOUS_MOVE = YES;
				CLANG_WARN_UNGUARDED_AVAILABILITY = YES_AGGRESSIVE;
				CLANG_WARN_UNREACHABLE_CODE = YES;
				CLANG_WARN__DUPLICATE_METHOD_MATCH = YES;
				COPY_PHASE_STRIP = NO;
				DEBUG_INFORMATION_FORMAT = dwarf;
				ENABLE_STRICT_OBJC_MSGSEND = YES;
				ENABLE_TESTABILITY = YES;
				ENABLE_USER_SCRIPT_SANDBOXING = YES;
				GCC_C_LANGUAGE_STANDARD = gnu17;
				GCC_DYNAMIC_NO_PIC = NO;
				GCC_NO_COMMON_BLOCKS = YES;
				GCC_OPTIMIZATION_LEVEL = 0;
				GCC_PREPROCESSOR_DEFINITIONS = (
					"DEBUG=1",
					"$(inherited)",
				);
				GCC_WARN_64_TO_32_BIT_CONVERSION = YES;
				GCC_WARN_ABOUT_RETURN_TYPE = YES_ERROR;
				GCC_WARN_UNDECLARED_SELECTOR = YES;
				GCC_WARN_UNINITIALIZED_AUTOS = YES_AGGRESSIVE;
				GCC_WARN_UNUSED_FUNCTION = YES;
				GCC_WARN_UNUSED_VARIABLE = YES;
				IPHONEOS_DEPLOYMENT_TARGET = 17.2;
				LOCALIZATION_PREFERS_STRING_CATALOGS = YES;
				MTL_ENABLE_DEBUG_INFO = INCLUDE_SOURCE;
				MTL_FAST_MATH = YES;
				ONLY_ACTIVE_ARCH = YES;
				SDKROOT = iphoneos;
				SWIFT_ACTIVE_COMPILATION_CONDITIONS = "DEBUG $(inherited)";
				SWIFT_OPTIMIZATION_LEVEL = "-Onone";
			};
			name = Debug;
		};
		634F844A2B13E22100C7FC04 /* Release */ = {
			isa = XCBuildConfiguration;
			buildSettings = {
				ALWAYS_SEARCH_USER_PATHS = NO;
				ASSETCATALOG_COMPILER_GENERATE_SWIFT_ASSET_SYMBOL_EXTENSIONS = YES;
				CLANG_ANALYZER_NONNULL = YES;
				CLANG_ANALYZER_NUMBER_OBJECT_CONVERSION = YES_AGGRESSIVE;
				CLANG_CXX_LANGUAGE_STANDARD = "gnu++20";
				CLANG_ENABLE_MODULES = YES;
				CLANG_ENABLE_OBJC_ARC = YES;
				CLANG_ENABLE_OBJC_WEAK = YES;
				CLANG_WARN_BLOCK_CAPTURE_AUTORELEASING = YES;
				CLANG_WARN_BOOL_CONVERSION = YES;
				CLANG_WARN_COMMA = YES;
				CLANG_WARN_CONSTANT_CONVERSION = YES;
				CLANG_WARN_DEPRECATED_OBJC_IMPLEMENTATIONS = YES;
				CLANG_WARN_DIRECT_OBJC_ISA_USAGE = YES_ERROR;
				CLANG_WARN_DOCUMENTATION_COMMENTS = YES;
				CLANG_WARN_EMPTY_BODY = YES;
				CLANG_WARN_ENUM_CONVERSION = YES;
				CLANG_WARN_INFINITE_RECURSION = YES;
				CLANG_WARN_INT_CONVERSION = YES;
				CLANG_WARN_NON_LITERAL_NULL_CONVERSION = YES;
				CLANG_WARN_OBJC_IMPLICIT_RETAIN_SELF = YES;
				CLANG_WARN_OBJC_LITERAL_CONVERSION = YES;
				CLANG_WARN_OBJC_ROOT_CLASS = YES_ERROR;
				CLANG_WARN_QUOTED_INCLUDE_IN_FRAMEWORK_HEADER = YES;
				CLANG_WARN_RANGE_LOOP_ANALYSIS = YES;
				CLANG_WARN_STRICT_PROTOTYPES = YES;
				CLANG_WARN_SUSPICIOUS_MOVE = YES;
				CLANG_WARN_UNGUARDED_AVAILABILITY = YES_AGGRESSIVE;
				CLANG_WARN_UNREACHABLE_CODE = YES;
				CLANG_WARN__DUPLICATE_METHOD_MATCH = YES;
				COPY_PHASE_STRIP = NO;
				DEBUG_INFORMATION_FORMAT = "dwarf-with-dsym";
				ENABLE_NS_ASSERTIONS = NO;
				ENABLE_STRICT_OBJC_MSGSEND = YES;
				ENABLE_USER_SCRIPT_SANDBOXING = YES;
				GCC_C_LANGUAGE_STANDARD = gnu17;
				GCC_NO_COMMON_BLOCKS = YES;
				GCC_WARN_64_TO_32_BIT_CONVERSION = YES;
				GCC_WARN_ABOUT_RETURN_TYPE = YES_ERROR;
				GCC_WARN_UNDECLARED_SELECTOR = YES;
				GCC_WARN_UNINITIALIZED_AUTOS = YES_AGGRESSIVE;
				GCC_WARN_UNUSED_FUNCTION = YES;
				GCC_WARN_UNUSED_VARIABLE = YES;
				IPHONEOS_DEPLOYMENT_TARGET = 17.2;
				LOCALIZATION_PREFERS_STRING_CATALOGS = YES;
				MTL_ENABLE_DEBUG_INFO = NO;
				MTL_FAST_MATH = YES;
				SDKROOT = iphoneos;
				SWIFT_COMPILATION_MODE = wholemodule;
				VALIDATE_PRODUCT = YES;
			};
			name = Release;
		};
		634F844C2B13E22100C7FC04 /* Debug */ = {
			isa = XCBuildConfiguration;
			buildSettings = {
				ASSETCATALOG_COMPILER_APPICON_NAME = AppIcon;
				ASSETCATALOG_COMPILER_GLOBAL_ACCENT_COLOR_NAME = AccentColor;
				CODE_SIGN_STYLE = Automatic;
				CURRENT_PROJECT_VERSION = 1;
				DEVELOPMENT_ASSET_PATHS = "\"QrCodeApp/Preview Content\"";
				ENABLE_PREVIEWS = YES;
				FRAMEWORK_SEARCH_PATHS = "$(SRCROOT)/../build/xcode-frameworks/$(CONFIGURATION)/$(SDK_NAME)";
				GENERATE_INFOPLIST_FILE = YES;
				INFOPLIST_KEY_UIApplicationSceneManifest_Generation = YES;
				INFOPLIST_KEY_UIApplicationSupportsIndirectInputEvents = YES;
				INFOPLIST_KEY_UILaunchScreen_Generation = YES;
				INFOPLIST_KEY_UISupportedInterfaceOrientations_iPad = "UIInterfaceOrientationPortrait UIInterfaceOrientationPortraitUpsideDown UIInterfaceOrientationLandscapeLeft UIInterfaceOrientationLandscapeRight";
				INFOPLIST_KEY_UISupportedInterfaceOrientations_iPhone = "UIInterfaceOrientationPortrait UIInterfaceOrientationLandscapeLeft UIInterfaceOrientationLandscapeRight";
				LD_RUNPATH_SEARCH_PATHS = (
					"$(inherited)",
					"@executable_path/Frameworks",
				);
				MARKETING_VERSION = 1.0;
				OTHER_LDFLAGS = (
					"$(inherited)",
					"-framework",
					qrcode_kotlin,
				);
				PRODUCT_BUNDLE_IDENTIFIER = g0dkar.iosApp;
				PRODUCT_NAME = "$(TARGET_NAME)";
				SWIFT_EMIT_LOC_STRINGS = YES;
				SWIFT_VERSION = 5.0;
				TARGETED_DEVICE_FAMILY = "1,2";
			};
			name = Debug;
		};
		634F844D2B13E22100C7FC04 /* Release */ = {
			isa = XCBuildConfiguration;
			buildSettings = {
				ASSETCATALOG_COMPILER_APPICON_NAME = AppIcon;
				ASSETCATALOG_COMPILER_GLOBAL_ACCENT_COLOR_NAME = AccentColor;
				CODE_SIGN_STYLE = Automatic;
				CURRENT_PROJECT_VERSION = 1;
				DEVELOPMENT_ASSET_PATHS = "\"QrCodeApp/Preview Content\"";
				ENABLE_PREVIEWS = YES;
				FRAMEWORK_SEARCH_PATHS = "$(SRCROOT)/../shared/build/xcode-frameworks/$(CONFIGURATION)/$(SDK_NAME)";
				GENERATE_INFOPLIST_FILE = YES;
				INFOPLIST_KEY_UIApplicationSceneManifest_Generation = YES;
				INFOPLIST_KEY_UIApplicationSupportsIndirectInputEvents = YES;
				INFOPLIST_KEY_UILaunchScreen_Generation = YES;
				INFOPLIST_KEY_UISupportedInterfaceOrientations_iPad = "UIInterfaceOrientationPortrait UIInterfaceOrientationPortraitUpsideDown UIInterfaceOrientationLandscapeLeft UIInterfaceOrientationLandscapeRight";
				INFOPLIST_KEY_UISupportedInterfaceOrientations_iPhone = "UIInterfaceOrientationPortrait UIInterfaceOrientationLandscapeLeft UIInterfaceOrientationLandscapeRight";
				LD_RUNPATH_SEARCH_PATHS = (
					"$(inherited)",
					"@executable_path/Frameworks",
				);
				MARKETING_VERSION = 1.0;
				OTHER_LDFLAGS = (
					"$(inherited)",
					"-framework",
					qrcode_kotlin,
				);
				PRODUCT_BUNDLE_IDENTIFIER = g0dkar.iosApp;
				PRODUCT_NAME = "$(TARGET_NAME)";
				SWIFT_EMIT_LOC_STRINGS = YES;
				SWIFT_VERSION = 5.0;
				TARGETED_DEVICE_FAMILY = "1,2";
			};
			name = Release;
		};
		634F844F2B13E22100C7FC04 /* Debug */ = {
			isa = XCBuildConfiguration;
			buildSettings = {
				ALWAYS_EMBED_SWIFT_STANDARD_LIBRARIES = YES;
				BUNDLE_LOADER = "$(TEST_HOST)";
				CODE_SIGN_STYLE = Automatic;
				CURRENT_PROJECT_VERSION = 1;
				GENERATE_INFOPLIST_FILE = YES;
				IPHONEOS_DEPLOYMENT_TARGET = 17.2;
				MARKETING_VERSION = 1.0;
				PRODUCT_BUNDLE_IDENTIFIER = g0dkar.iosAppTests;
				PRODUCT_NAME = "$(TARGET_NAME)";
				SWIFT_EMIT_LOC_STRINGS = NO;
				SWIFT_VERSION = 5.0;
				TARGETED_DEVICE_FAMILY = "1,2";
				TEST_HOST = "$(BUILT_PRODUCTS_DIR)/iosApp.app/$(BUNDLE_EXECUTABLE_FOLDER_PATH)/iosApp";
			};
			name = Debug;
		};
		634F84502B13E22100C7FC04 /* Release */ = {
			isa = XCBuildConfiguration;
			buildSettings = {
				ALWAYS_EMBED_SWIFT_STANDARD_LIBRARIES = YES;
				BUNDLE_LOADER = "$(TEST_HOST)";
				CODE_SIGN_STYLE = Automatic;
				CURRENT_PROJECT_VERSION = 1;
				GENERATE_INFOPLIST_FILE = YES;
				IPHONEOS_DEPLOYMENT_TARGET = 17.2;
				MARKETING_VERSION = 1.0;
				PRODUCT_BUNDLE_IDENTIFIER = g0dkar.iosAppTests;
				PRODUCT_NAME = "$(TARGET_NAME)";
				SWIFT_EMIT_LOC_STRINGS = NO;
				SWIFT_VERSION = 5.0;
				TARGETED_DEVICE_FAMILY = "1,2";
				TEST_HOST = "$(BUILT_PRODUCTS_DIR)/iosApp.app/$(BUNDLE_EXECUTABLE_FOLDER_PATH)/iosApp";
			};
			name = Release;
		};
		634F84522B13E22100C7FC04 /* Debug */ = {
			isa = XCBuildConfiguration;
			buildSettings = {
				ALWAYS_EMBED_SWIFT_STANDARD_LIBRARIES = YES;
				CODE_SIGN_STYLE = Automatic;
				CURRENT_PROJECT_VERSION = 1;
				GENERATE_INFOPLIST_FILE = YES;
				MARKETING_VERSION = 1.0;
				PRODUCT_BUNDLE_IDENTIFIER = g0dkar.iosAppUITests;
				PRODUCT_NAME = "$(TARGET_NAME)";
				SWIFT_EMIT_LOC_STRINGS = NO;
				SWIFT_VERSION = 5.0;
				TARGETED_DEVICE_FAMILY = "1,2";
				TEST_TARGET_NAME = iosApp;
			};
			name = Debug;
		};
		634F84532B13E22100C7FC04 /* Release */ = {
			isa = XCBuildConfiguration;
			buildSettings = {
				ALWAYS_EMBED_SWIFT_STANDARD_LIBRARIES = YES;
				CODE_SIGN_STYLE = Automatic;
				CURRENT_PROJECT_VERSION = 1;
				GENERATE_INFOPLIST_FILE = YES;
				MARKETING_VERSION = 1.0;
				PRODUCT_BUNDLE_IDENTIFIER = g0dkar.iosAppUITests;
				PRODUCT_NAME = "$(TARGET_NAME)";
				SWIFT_EMIT_LOC_STRINGS = NO;
				SWIFT_VERSION = 5.0;
				TARGETED_DEVICE_FAMILY = "1,2";
				TEST_TARGET_NAME = iosApp;
			};
			name = Release;
		};
/* End XCBuildConfiguration section */

/* Begin XCConfigurationList section */
		634F84222B13E22000C7FC04 /* Build configuration list for PBXProject "iosApp" */ = {
			isa = XCConfigurationList;
			buildConfigurations = (
				634F84492B13E22100C7FC04 /* Debug */,
				634F844A2B13E22100C7FC04 /* Release */,
			);
			defaultConfigurationIsVisible = 0;
			defaultConfigurationName = Release;
		};
		634F844B2B13E22100C7FC04 /* Build configuration list for PBXNativeTarget "iosApp" */ = {
			isa = XCConfigurationList;
			buildConfigurations = (
				634F844C2B13E22100C7FC04 /* Debug */,
				634F844D2B13E22100C7FC04 /* Release */,
			);
			defaultConfigurationIsVisible = 0;
			defaultConfigurationName = Release;
		};
		634F844E2B13E22100C7FC04 /* Build configuration list for PBXNativeTarget "iosAppTests" */ = {
			isa = XCConfigurationList;
			buildConfigurations = (
				634F844F2B13E22100C7FC04 /* Debug */,
				634F84502B13E22100C7FC04 /* Release */,
			);
			defaultConfigurationIsVisible = 0;
			defaultConfigurationName = Release;
		};
		634F84512B13E22100C7FC04 /* Build configuration list for PBXNativeTarget "iosAppUITests" */ = {
			isa = XCConfigurationList;
			buildConfigurations = (
				634F84522B13E22100C7FC04 /* Debug */,
				634F84532B13E22100C7FC04 /* Release */,
			);
			defaultConfigurationIsVisible = 0;
			defaultConfigurationName = Release;
		};
/* End XCConfigurationList section */
	};
	rootObject = 634F841F2B13E22000C7FC04 /* Project object */;
}
